
Microsoft Visual Studio Solution File, Format Version 12.00
# Visual Studio Version 17
VisualStudioVersion = 17.11.35327.3
MinimumVisualStudioVersion = 10.0.40219.1
Project("{FAE04EC0-301F-11D3-BF4B-00C04F79EFBC}") = "PiCounterApp", "PiCounterApp.csproj", "{ACB432E8-E140-4D5D-ABAF-B0BB2DF1AF1F}"
EndProject
Global
	GlobalSection(SolutionConfigurationPlatforms) = preSolution
		Debug|Any CPU = Debug|Any CPU
		Release|Any CPU = Release|Any CPU
	EndGlobalSection
	GlobalSection(ProjectConfigurationPlatforms) = postSolution
		{ACB432E8-E140-4D5D-ABAF-B0BB2DF1AF1F}.Debug|Any CPU.ActiveCfg = Debug|Any CPU
		{ACB432E8-E140-4D5D-ABAF-B0BB2DF1AF1F}.Debug|Any CPU.Build.0 = Debug|Any CPU
		{ACB432E8-E140-4D5D-ABAF-B0BB2DF1AF1F}.Release|Any CPU.ActiveCfg = Release|Any CPU
		{ACB432E8-E140-4D5D-ABAF-B0BB2DF1AF1F}.Release|Any CPU.Build.0 = Release|Any CPU
	EndGlobalSection
	GlobalSection(SolutionProperties) = preSolution
		HideSolutionNode = FALSE
	EndGlobalSection
	GlobalSection(ExtensibilityGlobals) = postSolution
		SolutionGuid = {5F96F036-CD5B-421C-9CF1-ED74D11C8E68}
	EndGlobalSection
EndGlobal
